
Microsoft Visual Studio Solution File, Format Version 12.00
# Visual Studio Version 17
VisualStudioVersion = 17.14.36804.6
MinimumVisualStudioVersion = 10.0.40219.1
Project("{FAE04EC0-301F-11D3-BF4B-00C04F79EFBC}") = "EnvBooster.UI", "EnvBooster.UI\EnvBooster.UI.csproj", "{28B4BDF6-8F13-424B-90E0-117D23E67C16}"
EndProject
Global
	GlobalSection(SolutionConfigurationPlatforms) = preSolution
		Debug|Any CPU = Debug|Any CPU
		Release|Any CPU = Release|Any CPU
	EndGlobalSection
	GlobalSection(ProjectConfigurationPlatforms) = postSolution
		{28B4BDF6-8F13-424B-90E0-117D23E67C16}.Debug|Any CPU.ActiveCfg = Debug|Any CPU
		{28B4BDF6-8F13-424B-90E0-117D23E67C16}.Debug|Any CPU.Build.0 = Debug|Any CPU
		{28B4BDF6-8F13-424B-90E0-117D23E67C16}.Release|Any CPU.ActiveCfg = Release|Any CPU
		{28B4BDF6-8F13-424B-90E0-117D23E67C16}.Release|Any CPU.Build.0 = Release|Any CPU
	EndGlobalSection
	GlobalSection(SolutionProperties) = preSolution
		HideSolutionNode = FALSE
	EndGlobalSection
	GlobalSection(ExtensibilityGlobals) = postSolution
		SolutionGuid = {39B12CDF-DB5C-4B33-AF02-9D76B4F71479}
	EndGlobalSection
EndGlobal
