<Solution>
  <Folder Name="/Solution Items/">
    <File Path=".editorconfig" />
    <File Path="Directory.Packages.props" />
  </Folder>
  <Folder Name="/src/">
    <Project Path="src/Envz.Common/Envz.Common.csproj" />
    <Project Path="src/Envz.Domain/Envz.Domain.csproj" />
    <Project Path="src/Envz.Functional/Envz.Functional.csproj" />
    <Project Path="src/Envz.Infrastructure/Envz.Infrastructure.csproj" />
    <Project Path="src/Envz.UI/Envz.UI.csproj" />
  </Folder>
  <Folder Name="/tests/">
    <Project Path="tests/Envz.CommonTests/Envz.CommonTests.csproj" />
    <Project Path="tests/Envz.FunctionalTests/Envz.FunctionalTests.csproj" />
    <Project Path="tests/Envz.UITests/Envz.UITests.csproj" />
    <Project Path="tests/Envz.UnitTests/Envz.UnitTests.csproj" />
  </Folder>
</Solution>
